// !$*UTF8*$!
{
	archiveVersion = 1;
	classes = {
	};
	objectVersion = 46;
	objects = {

/* Begin PBXBuildFile section */
		7994EF2E18D7C75200CDE54E /* Foundation.framework in Frameworks */ = {isa = PBXBuildFile; fileRef = 7994EF2D18D7C75200CDE54E /* Foundation.framework */; };
		7994EF3018D7C75200CDE54E /* CoreGraphics.framework in Frameworks */ = {isa = PBXBuildFile; fileRef = 7994EF2F18D7C75200CDE54E /* CoreGraphics.framework */; };
		7994EF3218D7C75200CDE54E /* UIKit.framework in Frameworks */ = {isa = PBXBuildFile; fileRef = 7994EF3118D7C75200CDE54E /* UIKit.framework */; };
		7994EF3818D7C75200CDE54E /* InfoPlist.strings in Resources */ = {isa = PBXBuildFile; fileRef = 7994EF3618D7C75200CDE54E /* InfoPlist.strings */; };
		7994EF3A18D7C75200CDE54E /* main.m in Sources */ = {isa = PBXBuildFile; fileRef = 7994EF3918D7C75200CDE54E /* main.m */; };
		7994EF3E18D7C75300CDE54E /* MEAppDelegate.m in Sources */ = {isa = PBXBuildFile; fileRef = 7994EF3D18D7C75300CDE54E /* MEAppDelegate.m */; };
		7994EF4018D7C75300CDE54E /* Images.xcassets in Resources */ = {isa = PBXBuildFile; fileRef = 7994EF3F18D7C75300CDE54E /* Images.xcassets */; };
		7994EF5E18D7C76B00CDE54E /* MERootViewController.m in Sources */ = {isa = PBXBuildFile; fileRef = 7994EF5D18D7C76B00CDE54E /* MERootViewController.m */; };
		7994EF6118D7C78D00CDE54E /* MEGestureRecognizer.m in Sources */ = {isa = PBXBuildFile; fileRef = 7994EF6018D7C78D00CDE54E /* MEGestureRecognizer.m */; };
		7995170A18DA66E800017D76 /* MEGuidedTourViewController.m in Sources */ = {isa = PBXBuildFile; fileRef = 7995170918DA66E800017D76 /* MEGuidedTourViewController.m */; };
		7995170E18DA71D300017D76 /* MEGuidedTourTransition.m in Sources */ = {isa = PBXBuildFile; fileRef = 7995170D18DA71D300017D76 /* MEGuidedTourTransition.m */; };
		AB7641CBA574469890FD95E7 /* libPods.a in Frameworks */ = {isa = PBXBuildFile; fileRef = B3B11AB5ED3D451E83275196 /* libPods.a */; };
/* End PBXBuildFile section */

/* Begin PBXFileReference section */
		53444F4C2A6F4A3493173760 /* Pods.xcconfig */ = {isa = PBXFileReference; includeInIndex = 1; lastKnownFileType = text.xcconfig; name = Pods.xcconfig; path = Pods/Pods.xcconfig; sourceTree = "<group>"; };
		7994EF2A18D7C75200CDE54E /* Meeting11.app */ = {isa = PBXFileReference; explicitFileType = wrapper.application; includeInIndex = 0; path = Meeting11.app; sourceTree = BUILT_PRODUCTS_DIR; };
		7994EF2D18D7C75200CDE54E /* Foundation.framework */ = {isa = PBXFileReference; lastKnownFileType = wrapper.framework; name = Foundation.framework; path = System/Library/Frameworks/Foundation.framework; sourceTree = SDKROOT; };
		7994EF2F18D7C75200CDE54E /* CoreGraphics.framework */ = {isa = PBXFileReference; lastKnownFileType = wrapper.framework; name = CoreGraphics.framework; path = System/Library/Frameworks/CoreGraphics.framework; sourceTree = SDKROOT; };
		7994EF3118D7C75200CDE54E /* UIKit.framework */ = {isa = PBXFileReference; lastKnownFileType = wrapper.framework; name = UIKit.framework; path = System/Library/Frameworks/UIKit.framework; sourceTree = SDKROOT; };
		7994EF3518D7C75200CDE54E /* Meeting11-Info.plist */ = {isa = PBXFileReference; lastKnownFileType = text.plist.xml; path = "Meeting11-Info.plist"; sourceTree = "<group>"; };
		7994EF3718D7C75200CDE54E /* en */ = {isa = PBXFileReference; lastKnownFileType = text.plist.strings; name = en; path = en.lproj/InfoPlist.strings; sourceTree = "<group>"; };
		7994EF3918D7C75200CDE54E /* main.m */ = {isa = PBXFileReference; lastKnownFileType = sourcecode.c.objc; path = main.m; sourceTree = "<group>"; };
		7994EF3B18D7C75300CDE54E /* Meeting11-Prefix.pch */ = {isa = PBXFileReference; lastKnownFileType = sourcecode.c.h; path = "Meeting11-Prefix.pch"; sourceTree = "<group>"; };
		7994EF3C18D7C75300CDE54E /* MEAppDelegate.h */ = {isa = PBXFileReference; lastKnownFileType = sourcecode.c.h; path = MEAppDelegate.h; sourceTree = "<group>"; };
		7994EF3D18D7C75300CDE54E /* MEAppDelegate.m */ = {isa = PBXFileReference; lastKnownFileType = sourcecode.c.objc; path = MEAppDelegate.m; sourceTree = "<group>"; };
		7994EF3F18D7C75300CDE54E /* Images.xcassets */ = {isa = PBXFileReference; lastKnownFileType = folder.assetcatalog; path = Images.xcassets; sourceTree = "<group>"; };
		7994EF4618D7C75300CDE54E /* XCTest.framework */ = {isa = PBXFileReference; lastKnownFileType = wrapper.framework; name = XCTest.framework; path = Library/Frameworks/XCTest.framework; sourceTree = DEVELOPER_DIR; };
		7994EF5C18D7C76B00CDE54E /* MERootViewController.h */ = {isa = PBXFileReference; fileEncoding = 4; lastKnownFileType = sourcecode.c.h; path = MERootViewController.h; sourceTree = "<group>"; };
		7994EF5D18D7C76B00CDE54E /* MERootViewController.m */ = {isa = PBXFileReference; fileEncoding = 4; lastKnownFileType = sourcecode.c.objc; path = MERootViewController.m; sourceTree = "<group>"; };
		7994EF5F18D7C78D00CDE54E /* MEGestureRecognizer.h */ = {isa = PBXFileReference; fileEncoding = 4; lastKnownFileType = sourcecode.c.h; path = MEGestureRecognizer.h; sourceTree = "<group>"; };
		7994EF6018D7C78D00CDE54E /* MEGestureRecognizer.m */ = {isa = PBXFileReference; fileEncoding = 4; lastKnownFileType = sourcecode.c.objc; path = MEGestureRecognizer.m; sourceTree = "<group>"; };
		7995170818DA66E800017D76 /* MEGuidedTourViewController.h */ = {isa = PBXFileReference; fileEncoding = 4; lastKnownFileType = sourcecode.c.h; path = MEGuidedTourViewController.h; sourceTree = "<group>"; };
		7995170918DA66E800017D76 /* MEGuidedTourViewController.m */ = {isa = PBXFileReference; fileEncoding = 4; lastKnownFileType = sourcecode.c.objc; path = MEGuidedTourViewController.m; sourceTree = "<group>"; };
		7995170C18DA71D300017D76 /* MEGuidedTourTransition.h */ = {isa = PBXFileReference; fileEncoding = 4; lastKnownFileType = sourcecode.c.h; path = MEGuidedTourTransition.h; sourceTree = "<group>"; };
		7995170D18DA71D300017D76 /* MEGuidedTourTransition.m */ = {isa = PBXFileReference; fileEncoding = 4; lastKnownFileType = sourcecode.c.objc; path = MEGuidedTourTransition.m; sourceTree = "<group>"; };
		B3B11AB5ED3D451E83275196 /* libPods.a */ = {isa = PBXFileReference; explicitFileType = archive.ar; includeInIndex = 0; path = libPods.a; sourceTree = BUILT_PRODUCTS_DIR; };
/* End PBXFileReference section */

/* Begin PBXFrameworksBuildPhase section */
		7994EF2718D7C75200CDE54E /* Frameworks */ = {
			isa = PBXFrameworksBuildPhase;
			buildActionMask = 2147483647;
			files = (
				7994EF3018D7C75200CDE54E /* CoreGraphics.framework in Frameworks */,
				7994EF3218D7C75200CDE54E /* UIKit.framework in Frameworks */,
				7994EF2E18D7C75200CDE54E /* Foundation.framework in Frameworks */,
				AB7641CBA574469890FD95E7 /* libPods.a in Frameworks */,
			);
			runOnlyForDeploymentPostprocessing = 0;
		};
/* End PBXFrameworksBuildPhase section */

/* Begin PBXGroup section */
		7994EF2118D7C75200CDE54E = {
			isa = PBXGroup;
			children = (
				7994EF3318D7C75200CDE54E /* Meeting11 */,
				7994EF2C18D7C75200CDE54E /* Frameworks */,
				7994EF2B18D7C75200CDE54E /* Products */,
				53444F4C2A6F4A3493173760 /* Pods.xcconfig */,
			);
			sourceTree = "<group>";
		};
		7994EF2B18D7C75200CDE54E /* Products */ = {
			isa = PBXGroup;
			children = (
				7994EF2A18D7C75200CDE54E /* Meeting11.app */,
			);
			name = Products;
			sourceTree = "<group>";
		};
		7994EF2C18D7C75200CDE54E /* Frameworks */ = {
			isa = PBXGroup;
			children = (
				7994EF2D18D7C75200CDE54E /* Foundation.framework */,
				7994EF2F18D7C75200CDE54E /* CoreGraphics.framework */,
				7994EF3118D7C75200CDE54E /* UIKit.framework */,
				7994EF4618D7C75300CDE54E /* XCTest.framework */,
				B3B11AB5ED3D451E83275196 /* libPods.a */,
			);
			name = Frameworks;
			sourceTree = "<group>";
		};
		7994EF3318D7C75200CDE54E /* Meeting11 */ = {
			isa = PBXGroup;
			children = (
				7994EF3C18D7C75300CDE54E /* MEAppDelegate.h */,
				7994EF3D18D7C75300CDE54E /* MEAppDelegate.m */,
				7994EF5C18D7C76B00CDE54E /* MERootViewController.h */,
				7994EF5D18D7C76B00CDE54E /* MERootViewController.m */,
				7994EF5F18D7C78D00CDE54E /* MEGestureRecognizer.h */,
				7994EF6018D7C78D00CDE54E /* MEGestureRecognizer.m */,
				7995170C18DA71D300017D76 /* MEGuidedTourTransition.h */,
				7995170D18DA71D300017D76 /* MEGuidedTourTransition.m */,
				7995170818DA66E800017D76 /* MEGuidedTourViewController.h */,
				7995170918DA66E800017D76 /* MEGuidedTourViewController.m */,
				7994EF3F18D7C75300CDE54E /* Images.xcassets */,
				7994EF3418D7C75200CDE54E /* Supporting Files */,
			);
			path = Meeting11;
			sourceTree = "<group>";
		};
		7994EF3418D7C75200CDE54E /* Supporting Files */ = {
			isa = PBXGroup;
			children = (
				7994EF3518D7C75200CDE54E /* Meeting11-Info.plist */,
				7994EF3618D7C75200CDE54E /* InfoPlist.strings */,
				7994EF3918D7C75200CDE54E /* main.m */,
				7994EF3B18D7C75300CDE54E /* Meeting11-Prefix.pch */,
			);
			name = "Supporting Files";
			sourceTree = "<group>";
		};
/* End PBXGroup section */

/* Begin PBXNativeTarget section */
		7994EF2918D7C75200CDE54E /* Meeting11 */ = {
			isa = PBXNativeTarget;
			buildConfigurationList = 7994EF5618D7C75300CDE54E /* Build configuration list for PBXNativeTarget "Meeting11" */;
			buildPhases = (
				FE055F4DB08A49BBB508562B /* Check Pods Manifest.lock */,
				7994EF2618D7C75200CDE54E /* Sources */,
				7994EF2718D7C75200CDE54E /* Frameworks */,
				7994EF2818D7C75200CDE54E /* Resources */,
				C9A1F214A2984D6D9919DFA5 /* Copy Pods Resources */,
			);
			buildRules = (
			);
			dependencies = (
			);
			name = Meeting11;
			productName = Meeting11;
			productReference = 7994EF2A18D7C75200CDE54E /* Meeting11.app */;
			productType = "com.apple.product-type.application";
		};
/* End PBXNativeTarget section */

/* Begin PBXProject section */
		7994EF2218D7C75200CDE54E /* Project object */ = {
			isa = PBXProject;
			attributes = {
				CLASSPREFIX = ME;
				LastUpgradeCheck = 0500;
				ORGANIZATIONNAME = "Maestro, LLC.";
			};
			buildConfigurationList = 7994EF2518D7C75200CDE54E /* Build configuration list for PBXProject "Meeting11" */;
			compatibilityVersion = "Xcode 3.2";
			developmentRegion = English;
			hasScannedForEncodings = 0;
			knownRegions = (
				en,
			);
			mainGroup = 7994EF2118D7C75200CDE54E;
			productRefGroup = 7994EF2B18D7C75200CDE54E /* Products */;
			projectDirPath = "";
			projectRoot = "";
			targets = (
				7994EF2918D7C75200CDE54E /* Meeting11 */,
			);
		};
/* End PBXProject section */

/* Begin PBXResourcesBuildPhase section */
		7994EF2818D7C75200CDE54E /* Resources */ = {
			isa = PBXResourcesBuildPhase;
			buildActionMask = 2147483647;
			files = (
				7994EF3818D7C75200CDE54E /* InfoPlist.strings in Resources */,
				7994EF4018D7C75300CDE54E /* Images.xcassets in Resources */,
			);
			runOnlyForDeploymentPostprocessing = 0;
		};
/* End PBXResourcesBuildPhase section */

/* Begin PBXShellScriptBuildPhase section */
		C9A1F214A2984D6D9919DFA5 /* Copy Pods Resources */ = {
			isa = PBXShellScriptBuildPhase;
			buildActionMask = 2147483647;
			files = (
			);
			inputPaths = (
			);
			name = "Copy Pods Resources";
			outputPaths = (
			);
			runOnlyForDeploymentPostprocessing = 0;
			shellPath = /bin/sh;
			shellScript = "\"${SRCROOT}/Pods/Pods-resources.sh\"\n";
			showEnvVarsInLog = 0;
		};
		FE055F4DB08A49BBB508562B /* Check Pods Manifest.lock */ = {
			isa = PBXShellScriptBuildPhase;
			buildActionMask = 2147483647;
			files = (
			);
			inputPaths = (
			);
			name = "Check Pods Manifest.lock";
			outputPaths = (
			);
			runOnlyForDeploymentPostprocessing = 0;
			shellPath = /bin/sh;
			shellScript = "diff \"${PODS_ROOT}/../Podfile.lock\" \"${PODS_ROOT}/Manifest.lock\" > /dev/null\nif [[ $? != 0 ]] ; then\n    cat << EOM\nerror: The sandbox is not in sync with the Podfile.lock. Run 'pod install' or update your CocoaPods installation.\nEOM\n    exit 1\nfi\n";
			showEnvVarsInLog = 0;
		};
/* End PBXShellScriptBuildPhase section */

/* Begin PBXSourcesBuildPhase section */
		7994EF2618D7C75200CDE54E /* Sources */ = {
			isa = PBXSourcesBuildPhase;
			buildActionMask = 2147483647;
			files = (
				7994EF3E18D7C75300CDE54E /* MEAppDelegate.m in Sources */,
				7994EF6118D7C78D00CDE54E /* MEGestureRecognizer.m in Sources */,
				7995170E18DA71D300017D76 /* MEGuidedTourTransition.m in Sources */,
				7994EF3A18D7C75200CDE54E /* main.m in Sources */,
				7995170A18DA66E800017D76 /* MEGuidedTourViewController.m in Sources */,
				7994EF5E18D7C76B00CDE54E /* MERootViewController.m in Sources */,
			);
			runOnlyForDeploymentPostprocessing = 0;
		};
/* End PBXSourcesBuildPhase section */

/* Begin PBXVariantGroup section */
		7994EF3618D7C75200CDE54E /* InfoPlist.strings */ = {
			isa = PBXVariantGroup;
			children = (
				7994EF3718D7C75200CDE54E /* en */,
			);
			name = InfoPlist.strings;
			sourceTree = "<group>";
		};
/* End PBXVariantGroup section */

/* Begin XCBuildConfiguration section */
		7994EF5418D7C75300CDE54E /* Debug */ = {
			isa = XCBuildConfiguration;
			buildSettings = {
				ALWAYS_SEARCH_USER_PATHS = NO;
				ARCHS = "$(ARCHS_STANDARD_INCLUDING_64_BIT)";
				CLANG_CXX_LANGUAGE_STANDARD = "gnu++0x";
				CLANG_CXX_LIBRARY = "libc++";
				CLANG_ENABLE_MODULES = YES;
				CLANG_ENABLE_OBJC_ARC = YES;
				CLANG_WARN_BOOL_CONVERSION = YES;
				CLANG_WARN_CONSTANT_CONVERSION = YES;
				CLANG_WARN_DIRECT_OBJC_ISA_USAGE = YES_ERROR;
				CLANG_WARN_EMPTY_BODY = YES;
				CLANG_WARN_ENUM_CONVERSION = YES;
				CLANG_WARN_INT_CONVERSION = YES;
				CLANG_WARN_OBJC_ROOT_CLASS = YES_ERROR;
				CLANG_WARN__DUPLICATE_METHOD_MATCH = YES;
				"CODE_SIGN_IDENTITY[sdk=iphoneos*]" = "iPhone Developer";
				COPY_PHASE_STRIP = NO;
				GCC_C_LANGUAGE_STANDARD = gnu99;
				GCC_DYNAMIC_NO_PIC = NO;
				GCC_OPTIMIZATION_LEVEL = 0;
				GCC_PREPROCESSOR_DEFINITIONS = (
					"DEBUG=1",
					"$(inherited)",
				);
				GCC_SYMBOLS_PRIVATE_EXTERN = NO;
				GCC_WARN_64_TO_32_BIT_CONVERSION = YES;
				GCC_WARN_ABOUT_RETURN_TYPE = YES_ERROR;
				GCC_WARN_UNDECLARED_SELECTOR = YES;
				GCC_WARN_UNINITIALIZED_AUTOS = YES;
				GCC_WARN_UNUSED_FUNCTION = YES;
				GCC_WARN_UNUSED_VARIABLE = YES;
				IPHONEOS_DEPLOYMENT_TARGET = 7.0;
				ONLY_ACTIVE_ARCH = YES;
				SDKROOT = iphoneos;
				TARGETED_DEVICE_FAMILY = "1,2";
			};
			name = Debug;
		};
		7994EF5518D7C75300CDE54E /* Release */ = {
			isa = XCBuildConfiguration;
			buildSettings = {
				ALWAYS_SEARCH_USER_PATHS = NO;
				ARCHS = "$(ARCHS_STANDARD_INCLUDING_64_BIT)";
				CLANG_CXX_LANGUAGE_STANDARD = "gnu++0x";
				CLANG_CXX_LIBRARY = "libc++";
				CLANG_ENABLE_MODULES = YES;
				CLANG_ENABLE_OBJC_ARC = YES;
				CLANG_WARN_BOOL_CONVERSION = YES;
				CLANG_WARN_CONSTANT_CONVERSION = YES;
				CLANG_WARN_DIRECT_OBJC_ISA_USAGE = YES_ERROR;
				CLANG_WARN_EMPTY_BODY = YES;
				CLANG_WARN_ENUM_CONVERSION = YES;
				CLANG_WARN_INT_CONVERSION = YES;
				CLANG_WARN_OBJC_ROOT_CLASS = YES_ERROR;
				CLANG_WARN__DUPLICATE_METHOD_MATCH = YES;
				"CODE_SIGN_IDENTITY[sdk=iphoneos*]" = "iPhone Developer";
				COPY_PHASE_STRIP = YES;
				ENABLE_NS_ASSERTIONS = NO;
				GCC_C_LANGUAGE_STANDARD = gnu99;
				GCC_WARN_64_TO_32_BIT_CONVERSION = YES;
				GCC_WARN_ABOUT_RETURN_TYPE = YES_ERROR;
				GCC_WARN_UNDECLARED_SELECTOR = YES;
				GCC_WARN_UNINITIALIZED_AUTOS = YES;
				GCC_WARN_UNUSED_FUNCTION = YES;
				GCC_WARN_UNUSED_VARIABLE = YES;
				IPHONEOS_DEPLOYMENT_TARGET = 7.0;
				SDKROOT = iphoneos;
				TARGETED_DEVICE_FAMILY = "1,2";
				VALIDATE_PRODUCT = YES;
			};
			name = Release;
		};
		7994EF5718D7C75300CDE54E /* Debug */ = {
			isa = XCBuildConfiguration;
			baseConfigurationReference = 53444F4C2A6F4A3493173760 /* Pods.xcconfig */;
			buildSettings = {
				ASSETCATALOG_COMPILER_APPICON_NAME = AppIcon;
				ASSETCATALOG_COMPILER_LAUNCHIMAGE_NAME = LaunchImage;
				GCC_PRECOMPILE_PREFIX_HEADER = YES;
				GCC_PREFIX_HEADER = "Meeting11/Meeting11-Prefix.pch";
				INFOPLIST_FILE = "Meeting11/Meeting11-Info.plist";
				PRODUCT_NAME = "$(TARGET_NAME)";
				WRAPPER_EXTENSION = app;
			};
			name = Debug;
		};
		7994EF5818D7C75300CDE54E /* Release */ = {
			isa = XCBuildConfiguration;
			baseConfigurationReference = 53444F4C2A6F4A3493173760 /* Pods.xcconfig */;
			buildSettings = {
				ASSETCATALOG_COMPILER_APPICON_NAME = AppIcon;
				ASSETCATALOG_COMPILER_LAUNCHIMAGE_NAME = LaunchImage;
				GCC_PRECOMPILE_PREFIX_HEADER = YES;
				GCC_PREFIX_HEADER = "Meeting11/Meeting11-Prefix.pch";
				INFOPLIST_FILE = "Meeting11/Meeting11-Info.plist";
				PRODUCT_NAME = "$(TARGET_NAME)";
				WRAPPER_EXTENSION = app;
			};
			name = Release;
		};
/* End XCBuildConfiguration section */

/* Begin XCConfigurationList section */
		7994EF2518D7C75200CDE54E /* Build configuration list for PBXProject "Meeting11" */ = {
			isa = XCConfigurationList;
			buildConfigurations = (
				7994EF5418D7C75300CDE54E /* Debug */,
				7994EF5518D7C75300CDE54E /* Release */,
			);
			defaultConfigurationIsVisible = 0;
			defaultConfigurationName = Release;
		};
		7994EF5618D7C75300CDE54E /* Build configuration list for PBXNativeTarget "Meeting11" */ = {
			isa = XCConfigurationList;
			buildConfigurations = (
				7994EF5718D7C75300CDE54E /* Debug */,
				7994EF5818D7C75300CDE54E /* Release */,
			);
			defaultConfigurationIsVisible = 0;
			defaultConfigurationName = Release;
		};
/* End XCConfigurationList section */
	};
	rootObject = 7994EF2218D7C75200CDE54E /* Project object */;
}
