// !$*UTF8*$!
{
	archiveVersion = 1;
	classes = {
	};
	objectVersion = 46;
	objects = {

/* Begin PBXBuildFile section */
		79C2C48417DC70390003A60B /* UIKit.framework in Frameworks */ = {isa = PBXBuildFile; fileRef = 79C2C48317DC70390003A60B /* UIKit.framework */; };
		79C2C48617DC70390003A60B /* Foundation.framework in Frameworks */ = {isa = PBXBuildFile; fileRef = 79C2C48517DC70390003A60B /* Foundation.framework */; };
		79C2C48817DC70390003A60B /* CoreGraphics.framework in Frameworks */ = {isa = PBXBuildFile; fileRef = 79C2C48717DC70390003A60B /* CoreGraphics.framework */; };
		79C2C48E17DC70390003A60B /* InfoPlist.strings in Resources */ = {isa = PBXBuildFile; fileRef = 79C2C48C17DC70390003A60B /* InfoPlist.strings */; };
		79C2C49017DC70390003A60B /* main.m in Sources */ = {isa = PBXBuildFile; fileRef = 79C2C48F17DC70390003A60B /* main.m */; };
		79C2C49417DC70390003A60B /* MEAppDelegate.m in Sources */ = {isa = PBXBuildFile; fileRef = 79C2C49317DC70390003A60B /* MEAppDelegate.m */; };
		79C2C49617DC70390003A60B /* Default.png in Resources */ = {isa = PBXBuildFile; fileRef = 79C2C49517DC70390003A60B /* Default.png */; };
		79C2C49817DC70390003A60B /* Default@2x.png in Resources */ = {isa = PBXBuildFile; fileRef = 79C2C49717DC70390003A60B /* Default@2x.png */; };
		79C2C49A17DC70390003A60B /* Default-568h@2x.png in Resources */ = {isa = PBXBuildFile; fileRef = 79C2C49917DC70390003A60B /* Default-568h@2x.png */; };
		79C2C4A217DC70730003A60B /* MERootViewController.m in Sources */ = {isa = PBXBuildFile; fileRef = 79C2C4A117DC70730003A60B /* MERootViewController.m */; };
		79C2C4A517DC70A40003A60B /* MESystemAnimationsViewController.m in Sources */ = {isa = PBXBuildFile; fileRef = 79C2C4A417DC70A40003A60B /* MESystemAnimationsViewController.m */; };
		79C2C4A817DC70ED0003A60B /* MEUIViewViewController.m in Sources */ = {isa = PBXBuildFile; fileRef = 79C2C4A717DC70ED0003A60B /* MEUIViewViewController.m */; };
		79C2C4AB17DC70FC0003A60B /* MECALayerViewController.m in Sources */ = {isa = PBXBuildFile; fileRef = 79C2C4AA17DC70FC0003A60B /* MECALayerViewController.m */; };
		79C2C4AE17DC71080003A60B /* MECustomAnimationsViewController.m in Sources */ = {isa = PBXBuildFile; fileRef = 79C2C4AD17DC71080003A60B /* MECustomAnimationsViewController.m */; };
		79C2C4B217DC74270003A60B /* MEUIViewViewController.xib in Resources */ = {isa = PBXBuildFile; fileRef = 79C2C4B017DC74270003A60B /* MEUIViewViewController.xib */; };
		79C2C4B517DC84500003A60B /* MECALayerViewController.xib in Resources */ = {isa = PBXBuildFile; fileRef = 79C2C4B317DC84500003A60B /* MECALayerViewController.xib */; };
		79C2C4B717DC853D0003A60B /* QuartzCore.framework in Frameworks */ = {isa = PBXBuildFile; fileRef = 79C2C4B617DC853D0003A60B /* QuartzCore.framework */; };
		79C2C4B917DC93460003A60B /* lolcatsdotcompromdate.jpg in Resources */ = {isa = PBXBuildFile; fileRef = 79C2C4B817DC93460003A60B /* lolcatsdotcompromdate.jpg */; };
		79C2C4BB17DC93E30003A60B /* lolcatsdotcomlikemyself.jpg in Resources */ = {isa = PBXBuildFile; fileRef = 79C2C4BA17DC93E30003A60B /* lolcatsdotcomlikemyself.jpg */; };
		79C2C4BE17DD204B0003A60B /* MESystemAnimationsContentViewController.m in Sources */ = {isa = PBXBuildFile; fileRef = 79C2C4BD17DD204B0003A60B /* MESystemAnimationsContentViewController.m */; };
		79C2C4C117DD21B50003A60B /* MESystemAnimationsContentViewController.xib in Resources */ = {isa = PBXBuildFile; fileRef = 79C2C4BF17DD21B50003A60B /* MESystemAnimationsContentViewController.xib */; };
		79C2C4C317DD2AE40003A60B /* QuickLook.framework in Frameworks */ = {isa = PBXBuildFile; fileRef = 79C2C4C217DD2AE40003A60B /* QuickLook.framework */; };
		79C2C4C617DD33970003A60B /* MESystemAnimationsContainerViewController.m in Sources */ = {isa = PBXBuildFile; fileRef = 79C2C4C517DD33970003A60B /* MESystemAnimationsContainerViewController.m */; };
		79C2C4C817DD434F0003A60B /* ed_1024_512kb.mp4 in Resources */ = {isa = PBXBuildFile; fileRef = 79C2C4C717DD434F0003A60B /* ed_1024_512kb.mp4 */; };
		79C2C4CA17DD43A20003A60B /* AVFoundation.framework in Frameworks */ = {isa = PBXBuildFile; fileRef = 79C2C4C917DD43A20003A60B /* AVFoundation.framework */; };
		79C2C4CC17DD43A70003A60B /* MobileCoreServices.framework in Frameworks */ = {isa = PBXBuildFile; fileRef = 79C2C4CB17DD43A70003A60B /* MobileCoreServices.framework */; };
		79C2C4CE17DD44C10003A60B /* CoreMedia.framework in Frameworks */ = {isa = PBXBuildFile; fileRef = 79C2C4CD17DD44C10003A60B /* CoreMedia.framework */; };
		79C2C4D117DD45EF0003A60B /* MEVideoView.m in Sources */ = {isa = PBXBuildFile; fileRef = 79C2C4D017DD45EF0003A60B /* MEVideoView.m */; };
		79DFA5C617EB4EA700BF9E5F /* MECustomAnimationsViewController.xib in Resources */ = {isa = PBXBuildFile; fileRef = 79DFA5C417EB4EA700BF9E5F /* MECustomAnimationsViewController.xib */; };
		79DFA5C917EB6E2900BF9E5F /* UIColor+MEExtensions.m in Sources */ = {isa = PBXBuildFile; fileRef = 79DFA5C817EB6E2900BF9E5F /* UIColor+MEExtensions.m */; };
		B04BE6DD3C66482B8FE13CBD /* libPods.a in Frameworks */ = {isa = PBXBuildFile; fileRef = 9DFB38DBC50349AE9DD7A3C6 /* libPods.a */; };
/* End PBXBuildFile section */

/* Begin PBXFileReference section */
		79C2C48017DC70390003A60B /* Animation.app */ = {isa = PBXFileReference; explicitFileType = wrapper.application; includeInIndex = 0; path = Animation.app; sourceTree = BUILT_PRODUCTS_DIR; };
		79C2C48317DC70390003A60B /* UIKit.framework */ = {isa = PBXFileReference; lastKnownFileType = wrapper.framework; name = UIKit.framework; path = System/Library/Frameworks/UIKit.framework; sourceTree = SDKROOT; };
		79C2C48517DC70390003A60B /* Foundation.framework */ = {isa = PBXFileReference; lastKnownFileType = wrapper.framework; name = Foundation.framework; path = System/Library/Frameworks/Foundation.framework; sourceTree = SDKROOT; };
		79C2C48717DC70390003A60B /* CoreGraphics.framework */ = {isa = PBXFileReference; lastKnownFileType = wrapper.framework; name = CoreGraphics.framework; path = System/Library/Frameworks/CoreGraphics.framework; sourceTree = SDKROOT; };
		79C2C48B17DC70390003A60B /* Animation-Info.plist */ = {isa = PBXFileReference; lastKnownFileType = text.plist.xml; path = "Animation-Info.plist"; sourceTree = "<group>"; };
		79C2C48D17DC70390003A60B /* en */ = {isa = PBXFileReference; lastKnownFileType = text.plist.strings; name = en; path = en.lproj/InfoPlist.strings; sourceTree = "<group>"; };
		79C2C48F17DC70390003A60B /* main.m */ = {isa = PBXFileReference; lastKnownFileType = sourcecode.c.objc; path = main.m; sourceTree = "<group>"; };
		79C2C49117DC70390003A60B /* Animation-Prefix.pch */ = {isa = PBXFileReference; lastKnownFileType = sourcecode.c.h; path = "Animation-Prefix.pch"; sourceTree = "<group>"; };
		79C2C49217DC70390003A60B /* MEAppDelegate.h */ = {isa = PBXFileReference; lastKnownFileType = sourcecode.c.h; path = MEAppDelegate.h; sourceTree = "<group>"; };
		79C2C49317DC70390003A60B /* MEAppDelegate.m */ = {isa = PBXFileReference; lastKnownFileType = sourcecode.c.objc; path = MEAppDelegate.m; sourceTree = "<group>"; };
		79C2C49517DC70390003A60B /* Default.png */ = {isa = PBXFileReference; lastKnownFileType = image.png; path = Default.png; sourceTree = "<group>"; };
		79C2C49717DC70390003A60B /* Default@2x.png */ = {isa = PBXFileReference; lastKnownFileType = image.png; path = "Default@2x.png"; sourceTree = "<group>"; };
		79C2C49917DC70390003A60B /* Default-568h@2x.png */ = {isa = PBXFileReference; lastKnownFileType = image.png; path = "Default-568h@2x.png"; sourceTree = "<group>"; };
		79C2C4A017DC70730003A60B /* MERootViewController.h */ = {isa = PBXFileReference; fileEncoding = 4; lastKnownFileType = sourcecode.c.h; path = MERootViewController.h; sourceTree = "<group>"; };
		79C2C4A117DC70730003A60B /* MERootViewController.m */ = {isa = PBXFileReference; fileEncoding = 4; lastKnownFileType = sourcecode.c.objc; path = MERootViewController.m; sourceTree = "<group>"; };
		79C2C4A317DC70A40003A60B /* MESystemAnimationsViewController.h */ = {isa = PBXFileReference; fileEncoding = 4; lastKnownFileType = sourcecode.c.h; path = MESystemAnimationsViewController.h; sourceTree = "<group>"; };
		79C2C4A417DC70A40003A60B /* MESystemAnimationsViewController.m */ = {isa = PBXFileReference; fileEncoding = 4; lastKnownFileType = sourcecode.c.objc; path = MESystemAnimationsViewController.m; sourceTree = "<group>"; };
		79C2C4A617DC70ED0003A60B /* MEUIViewViewController.h */ = {isa = PBXFileReference; fileEncoding = 4; lastKnownFileType = sourcecode.c.h; path = MEUIViewViewController.h; sourceTree = "<group>"; };
		79C2C4A717DC70ED0003A60B /* MEUIViewViewController.m */ = {isa = PBXFileReference; fileEncoding = 4; lastKnownFileType = sourcecode.c.objc; path = MEUIViewViewController.m; sourceTree = "<group>"; };
		79C2C4A917DC70FC0003A60B /* MECALayerViewController.h */ = {isa = PBXFileReference; fileEncoding = 4; lastKnownFileType = sourcecode.c.h; path = MECALayerViewController.h; sourceTree = "<group>"; };
		79C2C4AA17DC70FC0003A60B /* MECALayerViewController.m */ = {isa = PBXFileReference; fileEncoding = 4; lastKnownFileType = sourcecode.c.objc; path = MECALayerViewController.m; sourceTree = "<group>"; };
		79C2C4AC17DC71080003A60B /* MECustomAnimationsViewController.h */ = {isa = PBXFileReference; fileEncoding = 4; lastKnownFileType = sourcecode.c.h; path = MECustomAnimationsViewController.h; sourceTree = "<group>"; };
		79C2C4AD17DC71080003A60B /* MECustomAnimationsViewController.m */ = {isa = PBXFileReference; fileEncoding = 4; lastKnownFileType = sourcecode.c.objc; path = MECustomAnimationsViewController.m; sourceTree = "<group>"; };
		79C2C4B117DC74270003A60B /* en */ = {isa = PBXFileReference; lastKnownFileType = file.xib; name = en; path = MEUIViewViewController.xib; sourceTree = "<group>"; };
		79C2C4B417DC84500003A60B /* en */ = {isa = PBXFileReference; lastKnownFileType = file.xib; name = en; path = MECALayerViewController.xib; sourceTree = "<group>"; };
		79C2C4B617DC853D0003A60B /* QuartzCore.framework */ = {isa = PBXFileReference; lastKnownFileType = wrapper.framework; name = QuartzCore.framework; path = System/Library/Frameworks/QuartzCore.framework; sourceTree = SDKROOT; };
		79C2C4B817DC93460003A60B /* lolcatsdotcompromdate.jpg */ = {isa = PBXFileReference; lastKnownFileType = image.jpeg; path = lolcatsdotcompromdate.jpg; sourceTree = "<group>"; };
		79C2C4BA17DC93E30003A60B /* lolcatsdotcomlikemyself.jpg */ = {isa = PBXFileReference; lastKnownFileType = image.jpeg; path = lolcatsdotcomlikemyself.jpg; sourceTree = "<group>"; };
		79C2C4BC17DD204B0003A60B /* MESystemAnimationsContentViewController.h */ = {isa = PBXFileReference; fileEncoding = 4; lastKnownFileType = sourcecode.c.h; path = MESystemAnimationsContentViewController.h; sourceTree = "<group>"; };
		79C2C4BD17DD204B0003A60B /* MESystemAnimationsContentViewController.m */ = {isa = PBXFileReference; fileEncoding = 4; lastKnownFileType = sourcecode.c.objc; path = MESystemAnimationsContentViewController.m; sourceTree = "<group>"; };
		79C2C4C017DD21B50003A60B /* en */ = {isa = PBXFileReference; lastKnownFileType = file.xib; name = en; path = MESystemAnimationsContentViewController.xib; sourceTree = "<group>"; };
		79C2C4C217DD2AE40003A60B /* QuickLook.framework */ = {isa = PBXFileReference; lastKnownFileType = wrapper.framework; name = QuickLook.framework; path = System/Library/Frameworks/QuickLook.framework; sourceTree = SDKROOT; };
		79C2C4C417DD33970003A60B /* MESystemAnimationsContainerViewController.h */ = {isa = PBXFileReference; fileEncoding = 4; lastKnownFileType = sourcecode.c.h; path = MESystemAnimationsContainerViewController.h; sourceTree = "<group>"; };
		79C2C4C517DD33970003A60B /* MESystemAnimationsContainerViewController.m */ = {isa = PBXFileReference; fileEncoding = 4; lastKnownFileType = sourcecode.c.objc; path = MESystemAnimationsContainerViewController.m; sourceTree = "<group>"; };
		79C2C4C717DD434F0003A60B /* ed_1024_512kb.mp4 */ = {isa = PBXFileReference; lastKnownFileType = file; path = ed_1024_512kb.mp4; sourceTree = "<group>"; };
		79C2C4C917DD43A20003A60B /* AVFoundation.framework */ = {isa = PBXFileReference; lastKnownFileType = wrapper.framework; name = AVFoundation.framework; path = System/Library/Frameworks/AVFoundation.framework; sourceTree = SDKROOT; };
		79C2C4CB17DD43A70003A60B /* MobileCoreServices.framework */ = {isa = PBXFileReference; lastKnownFileType = wrapper.framework; name = MobileCoreServices.framework; path = System/Library/Frameworks/MobileCoreServices.framework; sourceTree = SDKROOT; };
		79C2C4CD17DD44C10003A60B /* CoreMedia.framework */ = {isa = PBXFileReference; lastKnownFileType = wrapper.framework; name = CoreMedia.framework; path = System/Library/Frameworks/CoreMedia.framework; sourceTree = SDKROOT; };
		79C2C4CF17DD45EF0003A60B /* MEVideoView.h */ = {isa = PBXFileReference; fileEncoding = 4; lastKnownFileType = sourcecode.c.h; path = MEVideoView.h; sourceTree = "<group>"; };
		79C2C4D017DD45EF0003A60B /* MEVideoView.m */ = {isa = PBXFileReference; fileEncoding = 4; lastKnownFileType = sourcecode.c.objc; path = MEVideoView.m; sourceTree = "<group>"; };
		79DFA5C517EB4EA700BF9E5F /* en */ = {isa = PBXFileReference; lastKnownFileType = file.xib; name = en; path = MECustomAnimationsViewController.xib; sourceTree = "<group>"; };
		79DFA5C717EB6E2900BF9E5F /* UIColor+MEExtensions.h */ = {isa = PBXFileReference; fileEncoding = 4; lastKnownFileType = sourcecode.c.h; path = "UIColor+MEExtensions.h"; sourceTree = "<group>"; };
		79DFA5C817EB6E2900BF9E5F /* UIColor+MEExtensions.m */ = {isa = PBXFileReference; fileEncoding = 4; lastKnownFileType = sourcecode.c.objc; path = "UIColor+MEExtensions.m"; sourceTree = "<group>"; };
		9DFB38DBC50349AE9DD7A3C6 /* libPods.a */ = {isa = PBXFileReference; explicitFileType = archive.ar; includeInIndex = 0; path = libPods.a; sourceTree = BUILT_PRODUCTS_DIR; };
		AA37563517A648439FC93410 /* Pods.xcconfig */ = {isa = PBXFileReference; includeInIndex = 1; lastKnownFileType = text.xcconfig; name = Pods.xcconfig; path = Pods/Pods.xcconfig; sourceTree = "<group>"; };
/* End PBXFileReference section */

/* Begin PBXFrameworksBuildPhase section */
		79C2C47D17DC70390003A60B /* Frameworks */ = {
			isa = PBXFrameworksBuildPhase;
			buildActionMask = 2147483647;
			files = (
				79C2C4CE17DD44C10003A60B /* CoreMedia.framework in Frameworks */,
				79C2C4CC17DD43A70003A60B /* MobileCoreServices.framework in Frameworks */,
				79C2C4CA17DD43A20003A60B /* AVFoundation.framework in Frameworks */,
				79C2C4C317DD2AE40003A60B /* QuickLook.framework in Frameworks */,
				79C2C4B717DC853D0003A60B /* QuartzCore.framework in Frameworks */,
				79C2C48417DC70390003A60B /* UIKit.framework in Frameworks */,
				79C2C48617DC70390003A60B /* Foundation.framework in Frameworks */,
				79C2C48817DC70390003A60B /* CoreGraphics.framework in Frameworks */,
				B04BE6DD3C66482B8FE13CBD /* libPods.a in Frameworks */,
			);
			runOnlyForDeploymentPostprocessing = 0;
		};
/* End PBXFrameworksBuildPhase section */

/* Begin PBXGroup section */
		79C2C47717DC70390003A60B = {
			isa = PBXGroup;
			children = (
				79C2C48917DC70390003A60B /* Animation */,
				79C2C48217DC70390003A60B /* Frameworks */,
				79C2C48117DC70390003A60B /* Products */,
				AA37563517A648439FC93410 /* Pods.xcconfig */,
			);
			sourceTree = "<group>";
		};
		79C2C48117DC70390003A60B /* Products */ = {
			isa = PBXGroup;
			children = (
				79C2C48017DC70390003A60B /* Animation.app */,
			);
			name = Products;
			sourceTree = "<group>";
		};
		79C2C48217DC70390003A60B /* Frameworks */ = {
			isa = PBXGroup;
			children = (
				79C2C4CD17DD44C10003A60B /* CoreMedia.framework */,
				79C2C4CB17DD43A70003A60B /* MobileCoreServices.framework */,
				79C2C4C917DD43A20003A60B /* AVFoundation.framework */,
				79C2C4C217DD2AE40003A60B /* QuickLook.framework */,
				79C2C4B617DC853D0003A60B /* QuartzCore.framework */,
				79C2C48317DC70390003A60B /* UIKit.framework */,
				79C2C48517DC70390003A60B /* Foundation.framework */,
				79C2C48717DC70390003A60B /* CoreGraphics.framework */,
				9DFB38DBC50349AE9DD7A3C6 /* libPods.a */,
			);
			name = Frameworks;
			sourceTree = "<group>";
		};
		79C2C48917DC70390003A60B /* Animation */ = {
			isa = PBXGroup;
			children = (
				79DFA5C717EB6E2900BF9E5F /* UIColor+MEExtensions.h */,
				79DFA5C817EB6E2900BF9E5F /* UIColor+MEExtensions.m */,
				79C2C49217DC70390003A60B /* MEAppDelegate.h */,
				79C2C49317DC70390003A60B /* MEAppDelegate.m */,
				79C2C4A017DC70730003A60B /* MERootViewController.h */,
				79C2C4A117DC70730003A60B /* MERootViewController.m */,
				79C2C4A617DC70ED0003A60B /* MEUIViewViewController.h */,
				79C2C4A717DC70ED0003A60B /* MEUIViewViewController.m */,
				79C2C4A917DC70FC0003A60B /* MECALayerViewController.h */,
				79C2C4AA17DC70FC0003A60B /* MECALayerViewController.m */,
				79C2C4CF17DD45EF0003A60B /* MEVideoView.h */,
				79C2C4D017DD45EF0003A60B /* MEVideoView.m */,
				79C2C4A317DC70A40003A60B /* MESystemAnimationsViewController.h */,
				79C2C4A417DC70A40003A60B /* MESystemAnimationsViewController.m */,
				79C2C4C417DD33970003A60B /* MESystemAnimationsContainerViewController.h */,
				79C2C4C517DD33970003A60B /* MESystemAnimationsContainerViewController.m */,
				79C2C4BC17DD204B0003A60B /* MESystemAnimationsContentViewController.h */,
				79C2C4BD17DD204B0003A60B /* MESystemAnimationsContentViewController.m */,
				79C2C4AC17DC71080003A60B /* MECustomAnimationsViewController.h */,
				79C2C4AD17DC71080003A60B /* MECustomAnimationsViewController.m */,
				79C2C4AF17DC740B0003A60B /* Xibs */,
				79C2C48A17DC70390003A60B /* Supporting Files */,
			);
			path = Animation;
			sourceTree = "<group>";
		};
		79C2C48A17DC70390003A60B /* Supporting Files */ = {
			isa = PBXGroup;
			children = (
				79C2C4C717DD434F0003A60B /* ed_1024_512kb.mp4 */,
				79C2C4BA17DC93E30003A60B /* lolcatsdotcomlikemyself.jpg */,
				79C2C4B817DC93460003A60B /* lolcatsdotcompromdate.jpg */,
				79C2C48B17DC70390003A60B /* Animation-Info.plist */,
				79C2C48C17DC70390003A60B /* InfoPlist.strings */,
				79C2C48F17DC70390003A60B /* main.m */,
				79C2C49117DC70390003A60B /* Animation-Prefix.pch */,
				79C2C49517DC70390003A60B /* Default.png */,
				79C2C49717DC70390003A60B /* Default@2x.png */,
				79C2C49917DC70390003A60B /* Default-568h@2x.png */,
			);
			name = "Supporting Files";
			sourceTree = "<group>";
		};
		79C2C4AF17DC740B0003A60B /* Xibs */ = {
			isa = PBXGroup;
			children = (
				79C2C4B017DC74270003A60B /* MEUIViewViewController.xib */,
				79C2C4B317DC84500003A60B /* MECALayerViewController.xib */,
				79C2C4BF17DD21B50003A60B /* MESystemAnimationsContentViewController.xib */,
				79DFA5C417EB4EA700BF9E5F /* MECustomAnimationsViewController.xib */,
			);
			name = Xibs;
			path = en.lproj;
			sourceTree = "<group>";
		};
/* End PBXGroup section */

/* Begin PBXNativeTarget section */
		79C2C47F17DC70390003A60B /* Animation */ = {
			isa = PBXNativeTarget;
			buildConfigurationList = 79C2C49D17DC70390003A60B /* Build configuration list for PBXNativeTarget "Animation" */;
			buildPhases = (
				F98F512D2B144D5D8B5639CD /* Check Pods Manifest.lock */,
				79C2C47C17DC70390003A60B /* Sources */,
				79C2C47D17DC70390003A60B /* Frameworks */,
				79C2C47E17DC70390003A60B /* Resources */,
				98F05457C9A642D3B50C69EE /* Copy Pods Resources */,
			);
			buildRules = (
			);
			dependencies = (
			);
			name = Animation;
			productName = Animation;
			productReference = 79C2C48017DC70390003A60B /* Animation.app */;
			productType = "com.apple.product-type.application";
		};
/* End PBXNativeTarget section */

/* Begin PBXProject section */
		79C2C47817DC70390003A60B /* Project object */ = {
			isa = PBXProject;
			attributes = {
				CLASSPREFIX = ME;
				LastUpgradeCheck = 0460;
				ORGANIZATIONNAME = Maestro;
			};
			buildConfigurationList = 79C2C47B17DC70390003A60B /* Build configuration list for PBXProject "Animation" */;
			compatibilityVersion = "Xcode 3.2";
			developmentRegion = English;
			hasScannedForEncodings = 0;
			knownRegions = (
				en,
			);
			mainGroup = 79C2C47717DC70390003A60B;
			productRefGroup = 79C2C48117DC70390003A60B /* Products */;
			projectDirPath = "";
			projectRoot = "";
			targets = (
				79C2C47F17DC70390003A60B /* Animation */,
			);
		};
/* End PBXProject section */

/* Begin PBXResourcesBuildPhase section */
		79C2C47E17DC70390003A60B /* Resources */ = {
			isa = PBXResourcesBuildPhase;
			buildActionMask = 2147483647;
			files = (
				79C2C48E17DC70390003A60B /* InfoPlist.strings in Resources */,
				79C2C49617DC70390003A60B /* Default.png in Resources */,
				79C2C49817DC70390003A60B /* Default@2x.png in Resources */,
				79C2C49A17DC70390003A60B /* Default-568h@2x.png in Resources */,
				79C2C4B217DC74270003A60B /* MEUIViewViewController.xib in Resources */,
				79DFA5C617EB4EA700BF9E5F /* MECustomAnimationsViewController.xib in Resources */,
				79C2C4B517DC84500003A60B /* MECALayerViewController.xib in Resources */,
				79C2C4B917DC93460003A60B /* lolcatsdotcompromdate.jpg in Resources */,
				79C2C4BB17DC93E30003A60B /* lolcatsdotcomlikemyself.jpg in Resources */,
				79C2C4C117DD21B50003A60B /* MESystemAnimationsContentViewController.xib in Resources */,
				79C2C4C817DD434F0003A60B /* ed_1024_512kb.mp4 in Resources */,
			);
			runOnlyForDeploymentPostprocessing = 0;
		};
/* End PBXResourcesBuildPhase section */

/* Begin PBXShellScriptBuildPhase section */
		98F05457C9A642D3B50C69EE /* Copy Pods Resources */ = {
			isa = PBXShellScriptBuildPhase;
			buildActionMask = 2147483647;
			files = (
			);
			inputPaths = (
			);
			name = "Copy Pods Resources";
			outputPaths = (
			);
			runOnlyForDeploymentPostprocessing = 0;
			shellPath = /bin/sh;
			shellScript = "\"${SRCROOT}/Pods/Pods-resources.sh\"\n";
			showEnvVarsInLog = 0;
		};
		F98F512D2B144D5D8B5639CD /* Check Pods Manifest.lock */ = {
			isa = PBXShellScriptBuildPhase;
			buildActionMask = 2147483647;
			files = (
			);
			inputPaths = (
			);
			name = "Check Pods Manifest.lock";
			outputPaths = (
			);
			runOnlyForDeploymentPostprocessing = 0;
			shellPath = /bin/sh;
			shellScript = "diff \"${PODS_ROOT}/../Podfile.lock\" \"${PODS_ROOT}/Manifest.lock\" > /dev/null\nif [[ $? != 0 ]] ; then\n    cat << EOM\nerror: The sandbox is not in sync with the Podfile.lock. Run 'pod install' or update your CocoaPods installation.\nEOM\n    exit 1\nfi\n";
			showEnvVarsInLog = 0;
		};
/* End PBXShellScriptBuildPhase section */

/* Begin PBXSourcesBuildPhase section */
		79C2C47C17DC70390003A60B /* Sources */ = {
			isa = PBXSourcesBuildPhase;
			buildActionMask = 2147483647;
			files = (
				79C2C49017DC70390003A60B /* main.m in Sources */,
				79C2C49417DC70390003A60B /* MEAppDelegate.m in Sources */,
				79DFA5C917EB6E2900BF9E5F /* UIColor+MEExtensions.m in Sources */,
				79C2C4A217DC70730003A60B /* MERootViewController.m in Sources */,
				79C2C4A517DC70A40003A60B /* MESystemAnimationsViewController.m in Sources */,
				79C2C4A817DC70ED0003A60B /* MEUIViewViewController.m in Sources */,
				79C2C4AB17DC70FC0003A60B /* MECALayerViewController.m in Sources */,
				79C2C4AE17DC71080003A60B /* MECustomAnimationsViewController.m in Sources */,
				79C2C4BE17DD204B0003A60B /* MESystemAnimationsContentViewController.m in Sources */,
				79C2C4C617DD33970003A60B /* MESystemAnimationsContainerViewController.m in Sources */,
				79C2C4D117DD45EF0003A60B /* MEVideoView.m in Sources */,
			);
			runOnlyForDeploymentPostprocessing = 0;
		};
/* End PBXSourcesBuildPhase section */

/* Begin PBXVariantGroup section */
		79C2C48C17DC70390003A60B /* InfoPlist.strings */ = {
			isa = PBXVariantGroup;
			children = (
				79C2C48D17DC70390003A60B /* en */,
			);
			name = InfoPlist.strings;
			sourceTree = "<group>";
		};
		79C2C4B017DC74270003A60B /* MEUIViewViewController.xib */ = {
			isa = PBXVariantGroup;
			children = (
				79C2C4B117DC74270003A60B /* en */,
			);
			name = MEUIViewViewController.xib;
			sourceTree = "<group>";
		};
		79C2C4B317DC84500003A60B /* MECALayerViewController.xib */ = {
			isa = PBXVariantGroup;
			children = (
				79C2C4B417DC84500003A60B /* en */,
			);
			name = MECALayerViewController.xib;
			sourceTree = "<group>";
		};
		79C2C4BF17DD21B50003A60B /* MESystemAnimationsContentViewController.xib */ = {
			isa = PBXVariantGroup;
			children = (
				79C2C4C017DD21B50003A60B /* en */,
			);
			name = MESystemAnimationsContentViewController.xib;
			sourceTree = "<group>";
		};
		79DFA5C417EB4EA700BF9E5F /* MECustomAnimationsViewController.xib */ = {
			isa = PBXVariantGroup;
			children = (
				79DFA5C517EB4EA700BF9E5F /* en */,
			);
			name = MECustomAnimationsViewController.xib;
			sourceTree = "<group>";
		};
/* End PBXVariantGroup section */

/* Begin XCBuildConfiguration section */
		79C2C49B17DC70390003A60B /* Debug */ = {
			isa = XCBuildConfiguration;
			buildSettings = {
				ALWAYS_SEARCH_USER_PATHS = NO;
				CLANG_CXX_LANGUAGE_STANDARD = "gnu++0x";
				CLANG_CXX_LIBRARY = "libc++";
				CLANG_ENABLE_OBJC_ARC = YES;
				CLANG_WARN_CONSTANT_CONVERSION = YES;
				CLANG_WARN_EMPTY_BODY = YES;
				CLANG_WARN_ENUM_CONVERSION = YES;
				CLANG_WARN_INT_CONVERSION = YES;
				CLANG_WARN__DUPLICATE_METHOD_MATCH = YES;
				"CODE_SIGN_IDENTITY[sdk=iphoneos*]" = "iPhone Developer";
				COPY_PHASE_STRIP = NO;
				GCC_C_LANGUAGE_STANDARD = gnu99;
				GCC_DYNAMIC_NO_PIC = NO;
				GCC_OPTIMIZATION_LEVEL = 0;
				GCC_PREPROCESSOR_DEFINITIONS = (
					"DEBUG=1",
					"$(inherited)",
				);
				GCC_SYMBOLS_PRIVATE_EXTERN = NO;
				GCC_WARN_ABOUT_RETURN_TYPE = YES;
				GCC_WARN_UNINITIALIZED_AUTOS = YES;
				GCC_WARN_UNUSED_VARIABLE = YES;
				IPHONEOS_DEPLOYMENT_TARGET = 6.1;
				ONLY_ACTIVE_ARCH = YES;
				SDKROOT = iphoneos;
				TARGETED_DEVICE_FAMILY = "1,2";
			};
			name = Debug;
		};
		79C2C49C17DC70390003A60B /* Release */ = {
			isa = XCBuildConfiguration;
			buildSettings = {
				ALWAYS_SEARCH_USER_PATHS = NO;
				CLANG_CXX_LANGUAGE_STANDARD = "gnu++0x";
				CLANG_CXX_LIBRARY = "libc++";
				CLANG_ENABLE_OBJC_ARC = YES;
				CLANG_WARN_CONSTANT_CONVERSION = YES;
				CLANG_WARN_EMPTY_BODY = YES;
				CLANG_WARN_ENUM_CONVERSION = YES;
				CLANG_WARN_INT_CONVERSION = YES;
				CLANG_WARN__DUPLICATE_METHOD_MATCH = YES;
				"CODE_SIGN_IDENTITY[sdk=iphoneos*]" = "iPhone Developer";
				COPY_PHASE_STRIP = YES;
				GCC_C_LANGUAGE_STANDARD = gnu99;
				GCC_WARN_ABOUT_RETURN_TYPE = YES;
				GCC_WARN_UNINITIALIZED_AUTOS = YES;
				GCC_WARN_UNUSED_VARIABLE = YES;
				IPHONEOS_DEPLOYMENT_TARGET = 6.1;
				OTHER_CFLAGS = "-DNS_BLOCK_ASSERTIONS=1";
				SDKROOT = iphoneos;
				TARGETED_DEVICE_FAMILY = "1,2";
				VALIDATE_PRODUCT = YES;
			};
			name = Release;
		};
		79C2C49E17DC70390003A60B /* Debug */ = {
			isa = XCBuildConfiguration;
			baseConfigurationReference = AA37563517A648439FC93410 /* Pods.xcconfig */;
			buildSettings = {
				GCC_PRECOMPILE_PREFIX_HEADER = YES;
				GCC_PREFIX_HEADER = "Animation/Animation-Prefix.pch";
				INFOPLIST_FILE = "Animation/Animation-Info.plist";
				PRODUCT_NAME = "$(TARGET_NAME)";
				TARGETED_DEVICE_FAMILY = 2;
				WRAPPER_EXTENSION = app;
			};
			name = Debug;
		};
		79C2C49F17DC70390003A60B /* Release */ = {
			isa = XCBuildConfiguration;
			baseConfigurationReference = AA37563517A648439FC93410 /* Pods.xcconfig */;
			buildSettings = {
				GCC_PRECOMPILE_PREFIX_HEADER = YES;
				GCC_PREFIX_HEADER = "Animation/Animation-Prefix.pch";
				INFOPLIST_FILE = "Animation/Animation-Info.plist";
				PRODUCT_NAME = "$(TARGET_NAME)";
				TARGETED_DEVICE_FAMILY = 2;
				WRAPPER_EXTENSION = app;
			};
			name = Release;
		};
/* End XCBuildConfiguration section */

/* Begin XCConfigurationList section */
		79C2C47B17DC70390003A60B /* Build configuration list for PBXProject "Animation" */ = {
			isa = XCConfigurationList;
			buildConfigurations = (
				79C2C49B17DC70390003A60B /* Debug */,
				79C2C49C17DC70390003A60B /* Release */,
			);
			defaultConfigurationIsVisible = 0;
			defaultConfigurationName = Release;
		};
		79C2C49D17DC70390003A60B /* Build configuration list for PBXNativeTarget "Animation" */ = {
			isa = XCConfigurationList;
			buildConfigurations = (
				79C2C49E17DC70390003A60B /* Debug */,
				79C2C49F17DC70390003A60B /* Release */,
			);
			defaultConfigurationIsVisible = 0;
			defaultConfigurationName = Release;
		};
/* End XCConfigurationList section */
	};
	rootObject = 79C2C47817DC70390003A60B /* Project object */;
}
